
Microsoft Visual Studio Solution File, Format Version 12.00
# Visual Studio Version 16
VisualStudioVersion = 16.0.31129.286
MinimumVisualStudioVersion = 10.0.40219.1
Project("{2150E333-8FDC-42A3-9474-1A3956D46DE8}") = "Services", "Services", "{5BD33567-9C9F-4522-9D07-2FFFE00AA038}"
EndProject
Project("{9A19103F-16F7-4668-BE54-9A1E7A4F7556}") = "OconnorEvents.EventCatalog", "OconnorEvents.EventCatalog\OconnorEvents.EventCatalog.csproj", "{B2821360-4D09-48CF-8147-BC0505D878A7}"
EndProject
Project("{E53339B2-1760-4266-BCC7-CA923CBCF16C}") = "docker-compose", "docker-compose.dcproj", "{4C951226-07EA-4329-8164-DEFE95CC9466}"
EndProject
Project("{9A19103F-16F7-4668-BE54-9A1E7A4F7556}") = "OconnorEvents.Mediatr.CollectionQuery", "OconnorEvents.Mediatr.CollectionQuery\OconnorEvents.Mediatr.CollectionQuery.csproj", "{55DB9F64-E5AB-47A5-8B58-073414896D9F}"
EndProject
Project("{9A19103F-16F7-4668-BE54-9A1E7A4F7556}") = "OconnorEvents.Core", "OconnorEvents.Core\OconnorEvents.Core.csproj", "{988FB366-885A-470C-B9A0-F9C931200D49}"
EndProject
Project("{2150E333-8FDC-42A3-9474-1A3956D46DE8}") = "Integration", "Integration", "{77602107-00BC-41E4-BA11-C83957BBBC06}"
EndProject
Project("{2150E333-8FDC-42A3-9474-1A3956D46DE8}") = "Frontend", "Frontend", "{0F7C0E1D-BE35-44E4-B1AC-2239325B7676}"
EndProject
Project("{E24C65DC-7377-472B-9ABA-BC803B73C61A}") = "OconnorEvents.React", "OconnorEvents.React\", "{A9192A13-19D5-427F-AC96-71F68537CC90}"
	ProjectSection(WebsiteProperties) = preProject
		TargetFrameworkMoniker = ".NETFramework,Version%3Dv4.0"
		Debug.AspNetCompiler.VirtualPath = "/localhost_61182"
		Debug.AspNetCompiler.PhysicalPath = "OconnorEvents.React\"
		Debug.AspNetCompiler.TargetPath = "PrecompiledWeb\localhost_61182\"
		Debug.AspNetCompiler.Updateable = "true"
		Debug.AspNetCompiler.ForceOverwrite = "true"
		Debug.AspNetCompiler.FixedNames = "false"
		Debug.AspNetCompiler.Debug = "True"
		Release.AspNetCompiler.VirtualPath = "/localhost_61182"
		Release.AspNetCompiler.PhysicalPath = "OconnorEvents.React\"
		Release.AspNetCompiler.TargetPath = "PrecompiledWeb\localhost_61182\"
		Release.AspNetCompiler.Updateable = "true"
		Release.AspNetCompiler.ForceOverwrite = "true"
		Release.AspNetCompiler.FixedNames = "false"
		Release.AspNetCompiler.Debug = "False"
		VWDPort = "61182"
		SlnRelativePath = "OconnorEvents.React\"
	EndProjectSection
EndProject
Project("{9A19103F-16F7-4668-BE54-9A1E7A4F7556}") = "OconnorEvents.ShoppingBasket", "OconnorEvents.ShoppingBasket\OconnorEvents.ShoppingBasket.csproj", "{ED0FACA9-D229-4DCA-B6F0-BA7E103882A0}"
EndProject
Project("{FAE04EC0-301F-11D3-BF4B-00C04F79EFBC}") = "OconnorEvents.Mediatr.Core", "OconnorEvents.Mediatr.Core\OconnorEvents.Mediatr.Core.csproj", "{87794E2C-DEED-4745-B206-8E4BF912DFC7}"
EndProject
Global
	GlobalSection(SolutionConfigurationPlatforms) = preSolution
		Debug|Any CPU = Debug|Any CPU
		Release|Any CPU = Release|Any CPU
	EndGlobalSection
	GlobalSection(ProjectConfigurationPlatforms) = postSolution
		{B2821360-4D09-48CF-8147-BC0505D878A7}.Debug|Any CPU.ActiveCfg = Debug|Any CPU
		{B2821360-4D09-48CF-8147-BC0505D878A7}.Debug|Any CPU.Build.0 = Debug|Any CPU
		{B2821360-4D09-48CF-8147-BC0505D878A7}.Release|Any CPU.ActiveCfg = Release|Any CPU
		{B2821360-4D09-48CF-8147-BC0505D878A7}.Release|Any CPU.Build.0 = Release|Any CPU
		{4C951226-07EA-4329-8164-DEFE95CC9466}.Debug|Any CPU.ActiveCfg = Debug|Any CPU
		{4C951226-07EA-4329-8164-DEFE95CC9466}.Debug|Any CPU.Build.0 = Debug|Any CPU
		{4C951226-07EA-4329-8164-DEFE95CC9466}.Release|Any CPU.ActiveCfg = Release|Any CPU
		{4C951226-07EA-4329-8164-DEFE95CC9466}.Release|Any CPU.Build.0 = Release|Any CPU
		{55DB9F64-E5AB-47A5-8B58-073414896D9F}.Debug|Any CPU.ActiveCfg = Debug|Any CPU
		{55DB9F64-E5AB-47A5-8B58-073414896D9F}.Debug|Any CPU.Build.0 = Debug|Any CPU
		{55DB9F64-E5AB-47A5-8B58-073414896D9F}.Release|Any CPU.ActiveCfg = Release|Any CPU
		{55DB9F64-E5AB-47A5-8B58-073414896D9F}.Release|Any CPU.Build.0 = Release|Any CPU
		{988FB366-885A-470C-B9A0-F9C931200D49}.Debug|Any CPU.ActiveCfg = Debug|Any CPU
		{988FB366-885A-470C-B9A0-F9C931200D49}.Debug|Any CPU.Build.0 = Debug|Any CPU
		{988FB366-885A-470C-B9A0-F9C931200D49}.Release|Any CPU.ActiveCfg = Release|Any CPU
		{988FB366-885A-470C-B9A0-F9C931200D49}.Release|Any CPU.Build.0 = Release|Any CPU
		{A9192A13-19D5-427F-AC96-71F68537CC90}.Debug|Any CPU.ActiveCfg = Debug|Any CPU
		{A9192A13-19D5-427F-AC96-71F68537CC90}.Release|Any CPU.ActiveCfg = Debug|Any CPU
		{A9192A13-19D5-427F-AC96-71F68537CC90}.Release|Any CPU.Build.0 = Debug|Any CPU
		{ED0FACA9-D229-4DCA-B6F0-BA7E103882A0}.Debug|Any CPU.ActiveCfg = Debug|Any CPU
		{ED0FACA9-D229-4DCA-B6F0-BA7E103882A0}.Debug|Any CPU.Build.0 = Debug|Any CPU
		{ED0FACA9-D229-4DCA-B6F0-BA7E103882A0}.Release|Any CPU.ActiveCfg = Release|Any CPU
		{ED0FACA9-D229-4DCA-B6F0-BA7E103882A0}.Release|Any CPU.Build.0 = Release|Any CPU
		{87794E2C-DEED-4745-B206-8E4BF912DFC7}.Debug|Any CPU.ActiveCfg = Debug|Any CPU
		{87794E2C-DEED-4745-B206-8E4BF912DFC7}.Debug|Any CPU.Build.0 = Debug|Any CPU
		{87794E2C-DEED-4745-B206-8E4BF912DFC7}.Release|Any CPU.ActiveCfg = Release|Any CPU
		{87794E2C-DEED-4745-B206-8E4BF912DFC7}.Release|Any CPU.Build.0 = Release|Any CPU
	EndGlobalSection
	GlobalSection(SolutionProperties) = preSolution
		HideSolutionNode = FALSE
	EndGlobalSection
	GlobalSection(NestedProjects) = preSolution
		{B2821360-4D09-48CF-8147-BC0505D878A7} = {5BD33567-9C9F-4522-9D07-2FFFE00AA038}
		{55DB9F64-E5AB-47A5-8B58-073414896D9F} = {77602107-00BC-41E4-BA11-C83957BBBC06}
		{988FB366-885A-470C-B9A0-F9C931200D49} = {77602107-00BC-41E4-BA11-C83957BBBC06}
		{A9192A13-19D5-427F-AC96-71F68537CC90} = {0F7C0E1D-BE35-44E4-B1AC-2239325B7676}
		{ED0FACA9-D229-4DCA-B6F0-BA7E103882A0} = {5BD33567-9C9F-4522-9D07-2FFFE00AA038}
		{87794E2C-DEED-4745-B206-8E4BF912DFC7} = {77602107-00BC-41E4-BA11-C83957BBBC06}
	EndGlobalSection
	GlobalSection(ExtensibilityGlobals) = postSolution
		SolutionGuid = {A86A1DC8-3461-4339-A7FA-649CD463C76F}
	EndGlobalSection
EndGlobal
